{
  "requires": true,
  "lockfileVersion": 1,
  "dependencies": {
    "@react-navigation/core": {
      "version": "3.7.7",
      "resolved": "https://registry.npmjs.org/@react-navigation/core/-/core-3.7.7.tgz",
      "integrity": "sha512-0EYy7Hyip42Fua71w+Hti39u9tKzyNjdHZSWahWoZOZnEIgFwHmW3oT4A18Xv2l/rC2LOyfiddhp/Y1GIrV/3g==",
      "requires": {
        "hoist-non-react-statics": "^3.3.2",
        "path-to-regexp": "^1.8.0",
        "query-string": "^6.13.1",
        "react-is": "^16.13.0"
      }
    },
    "@react-navigation/native": {
      "version": "3.8.1",
      "resolved": "https://registry.npmjs.org/@react-navigation/native/-/native-3.8.1.tgz",
      "integrity": "sha512-EUOV7Ac09iMqphKidpLGnzn7pJr+XmDxJc4bGEKtMH/m/EpJYN93llzu9aPJxDJymMQsc/tyPIjJw2vKFcfNFQ==",
      "requires": {
        "hoist-non-react-statics": "^3.3.2",
        "react-native-safe-area-view": "^0.14.9"
      }
    },
    "decode-uri-component": {
      "version": "0.2.0",
      "resolved": "https://registry.npmjs.org/decode-uri-component/-/decode-uri-component-0.2.0.tgz",
      "integrity": "sha1-6zkTMzRYd1y4TNGh+uBiEGu4dUU="
    },
    "hoist-non-react-statics": {
      "version": "3.3.2",
      "resolved": "https://registry.npmjs.org/hoist-non-react-statics/-/hoist-non-react-statics-3.3.2.tgz",
      "integrity": "sha512-/gGivxi8JPKWNm/W0jSmzcMPpfpPLc3dY/6GxhX2hQ9iGj3aDfklV4ET7NjKpSinLpJ5vafa9iiGIEZg10SfBw==",
      "requires": {
        "react-is": "^16.7.0"
      }
    },
    "isarray": {
      "version": "0.0.1",
      "resolved": "https://registry.npmjs.org/isarray/-/isarray-0.0.1.tgz",
      "integrity": "sha1-ihis/Kmo9Bd+Cav8YDiTmwXR7t8="
    },
    "path-to-regexp": {
      "version": "1.8.0",
      "resolved": "https://registry.npmjs.org/path-to-regexp/-/path-to-regexp-1.8.0.tgz",
      "integrity": "sha512-n43JRhlUKUAlibEJhPeir1ncUID16QnEjNpwzNdO3Lm4ywrBpBZ5oLD0I6br9evr1Y9JTqwRtAh7JLoOzAQdVA==",
      "requires": {
        "isarray": "0.0.1"
      }
    },
    "query-string": {
      "version": "6.13.4",
      "resolved": "https://registry.npmjs.org/query-string/-/query-string-6.13.4.tgz",
      "integrity": "sha512-E2NPIeJoBEJGQNy3ib1k/Z/OkDBUKIo8IV2ZVwbKfoa65IS9unqWWUlLcbfU70Da0qNoxUZZA8CfKUjKLE641Q==",
      "requires": {
        "decode-uri-component": "^0.2.0",
        "split-on-first": "^1.0.0",
        "strict-uri-encode": "^2.0.0"
      }
    },
    "react-is": {
      "version": "16.13.1",
      "resolved": "https://registry.npmjs.org/react-is/-/react-is-16.13.1.tgz",
      "integrity": "sha512-24e6ynE2H+OKt4kqsOvNd8kBpV65zoxbA4BVsEOB3ARVWQki/DHzaUoC5KuON/BiccDaCCTZBuOcfZs70kR8bQ=="
    },
    "react-native-safe-area-view": {
      "version": "0.14.9",
      "resolved": "https://registry.npmjs.org/react-native-safe-area-view/-/react-native-safe-area-view-0.14.9.tgz",
      "integrity": "sha512-WII/ulhpVyL/qbYb7vydq7dJAfZRBcEhg4/UWt6F6nAKpLa3gAceMOxBxI914ppwSP/TdUsandFy6lkJQE0z4A==",
      "requires": {
        "hoist-non-react-statics": "^2.3.1"
      },
      "dependencies": {
        "hoist-non-react-statics": {
          "version": "2.5.5",
          "resolved": "https://registry.npmjs.org/hoist-non-react-statics/-/hoist-non-react-statics-2.5.5.tgz",
          "integrity": "sha512-rqcy4pJo55FTTLWt+bU8ukscqHeE/e9KWvsOW2b/a3afxQZhwkQdT1rPPCJ0rYXdj4vNcasY8zHTH+jF/qStxw=="
        }
      }
    },
    "react-navigation": {
      "version": "4.4.1",
      "resolved": "https://registry.npmjs.org/react-navigation/-/react-navigation-4.4.1.tgz",
      "integrity": "sha512-E0TJHLS8mcdliubPjbIfyplZG1oQhHYzH3cHKMSVXWE4dhSSf1x//r+92kW9LbS62v51Nj3Bxw2cJMHw0xP9Kw==",
      "requires": {
        "@react-navigation/core": "^3.7.7",
        "@react-navigation/native": "^3.8.1"
      }
    },
    "split-on-first": {
      "version": "1.1.0",
      "resolved": "https://registry.npmjs.org/split-on-first/-/split-on-first-1.1.0.tgz",
      "integrity": "sha512-43ZssAJaMusuKWL8sKUBQXHWOpq8d6CfN/u1p4gUzfJkM05C8rxTmYrkIPTXapZpORA6LkkzcUulJ8FqA7Uudw=="
    },
    "strict-uri-encode": {
      "version": "2.0.0",
      "resolved": "https://registry.npmjs.org/strict-uri-encode/-/strict-uri-encode-2.0.0.tgz",
      "integrity": "sha1-ucczDHBChi9rFC3CdLvMWGbONUY="
    }
  }
}
